// !$*UTF8*$!
{
	archiveVersion = 1;
	classes = {};
	objectVersion = 77;
	objects = {

/* Begin PBXBuildFile section */
		A00100000000000000000011 /* ResearchApp.swift in Sources */ = {isa = PBXBuildFile; fileRef = A00100000000000000000010 /* ResearchApp.swift */; };
		A00100000000000000000013 /* BackendProcess.swift in Sources */ = {isa = PBXBuildFile; fileRef = A00100000000000000000012 /* BackendProcess.swift */; };
		A00100000000000000000017 /* DownloadHandler.swift in Sources */ = {isa = PBXBuildFile; fileRef = A00100000000000000000016 /* DownloadHandler.swift */; };
		A00100000000000000000019 /* DownloadHandlerTests.swift in Sources */ = {isa = PBXBuildFile; fileRef = A00100000000000000000018 /* DownloadHandlerTests.swift */; };
		A0010000000000000000001B /* Assets.xcassets in Resources */ = {isa = PBXBuildFile; fileRef = A0010000000000000000001A /* Assets.xcassets */; };
		B10000000000000000000101 /* Models.swift in Sources */ = {isa = PBXBuildFile; fileRef = B10000000000000000000100 /* Models.swift */; };
		B10000000000000000000103 /* APIClient.swift in Sources */ = {isa = PBXBuildFile; fileRef = B10000000000000000000102 /* APIClient.swift */; };
		B10000000000000000000105 /* AppState.swift in Sources */ = {isa = PBXBuildFile; fileRef = B10000000000000000000104 /* AppState.swift */; };
		B10000000000000000000107 /* AuthView.swift in Sources */ = {isa = PBXBuildFile; fileRef = B10000000000000000000106 /* AuthView.swift */; };
		B10000000000000000000109 /* MainView.swift in Sources */ = {isa = PBXBuildFile; fileRef = B10000000000000000000108 /* MainView.swift */; };
		B10000000000000000000111 /* CoachView.swift in Sources */ = {isa = PBXBuildFile; fileRef = B10000000000000000000110 /* CoachView.swift */; };
		B10000000000000000000113 /* SettingsView.swift in Sources */ = {isa = PBXBuildFile; fileRef = B10000000000000000000112 /* SettingsView.swift */; };
		C10000000000000000000101 /* APIClientTests.swift in Sources */ = {isa = PBXBuildFile; fileRef = C10000000000000000000100 /* APIClientTests.swift */; };
/* End PBXBuildFile section */

/* Begin PBXFileReference section */
		A00100000000000000000010 /* ResearchApp.swift */ = {isa = PBXFileReference; lastKnownFileType = sourcecode.swift; path = ResearchApp.swift; sourceTree = "<group>"; };
		A00100000000000000000012 /* BackendProcess.swift */ = {isa = PBXFileReference; lastKnownFileType = sourcecode.swift; path = BackendProcess.swift; sourceTree = "<group>"; };
		A00100000000000000000016 /* DownloadHandler.swift */ = {isa = PBXFileReference; lastKnownFileType = sourcecode.swift; path = DownloadHandler.swift; sourceTree = "<group>"; };
		A00100000000000000000020 /* Notaeo.app */ = {isa = PBXFileReference; explicitFileType = wrapper.application; includeInIndex = 0; path = Notaeo.app; sourceTree = BUILT_PRODUCTS_DIR; };
		A00100000000000000000018 /* DownloadHandlerTests.swift */ = {isa = PBXFileReference; lastKnownFileType = sourcecode.swift; path = DownloadHandlerTests.swift; sourceTree = "<group>"; };
		A00100000000000000000021 /* ResearchTests.xctest */ = {isa = PBXFileReference; explicitFileType = wrapper.cfbundle; includeInIndex = 0; path = ResearchTests.xctest; sourceTree = BUILT_PRODUCTS_DIR; };
		A0010000000000000000001A /* Assets.xcassets */ = {isa = PBXFileReference; lastKnownFileType = folder.assetcatalog; path = Assets.xcassets; sourceTree = "<group>"; };
		B10000000000000000000100 /* Models.swift */ = {isa = PBXFileReference; lastKnownFileType = sourcecode.swift; path = Models.swift; sourceTree = "<group>"; };
		B10000000000000000000102 /* APIClient.swift */ = {isa = PBXFileReference; lastKnownFileType = sourcecode.swift; path = APIClient.swift; sourceTree = "<group>"; };
		B10000000000000000000104 /* AppState.swift */ = {isa = PBXFileReference; lastKnownFileType = sourcecode.swift; path = AppState.swift; sourceTree = "<group>"; };
		B10000000000000000000106 /* AuthView.swift */ = {isa = PBXFileReference; lastKnownFileType = sourcecode.swift; path = AuthView.swift; sourceTree = "<group>"; };
		B10000000000000000000108 /* MainView.swift */ = {isa = PBXFileReference; lastKnownFileType = sourcecode.swift; path = MainView.swift; sourceTree = "<group>"; };
		B10000000000000000000110 /* CoachView.swift */ = {isa = PBXFileReference; lastKnownFileType = sourcecode.swift; path = CoachView.swift; sourceTree = "<group>"; };
		B10000000000000000000112 /* SettingsView.swift */ = {isa = PBXFileReference; lastKnownFileType = sourcecode.swift; path = SettingsView.swift; sourceTree = "<group>"; };
		C10000000000000000000100 /* APIClientTests.swift */ = {isa = PBXFileReference; lastKnownFileType = sourcecode.swift; path = APIClientTests.swift; sourceTree = "<group>"; };
/* End PBXFileReference section */

/* Begin PBXFrameworksBuildPhase section */
		A00100000000000000000030 /* Frameworks */ = {isa = PBXFrameworksBuildPhase; buildActionMask = 2147483647; files = (); runOnlyForDeploymentPostprocessing = 0; };
		A00100000000000000000031 /* Frameworks */ = {isa = PBXFrameworksBuildPhase; buildActionMask = 2147483647; files = (); runOnlyForDeploymentPostprocessing = 0; };
/* End PBXFrameworksBuildPhase section */

/* Begin PBXGroup section */
		A00100000000000000000040 = {isa = PBXGroup; children = (A00100000000000000000041 /* Research */, A00100000000000000000043 /* ResearchTests */, A00100000000000000000042 /* Products */); sourceTree = "<group>"; };
		A00100000000000000000041 /* Research */ = {isa = PBXGroup; children = (B10000000000000000000100 /* Models.swift */, B10000000000000000000102 /* APIClient.swift */, B10000000000000000000104 /* AppState.swift */, A00100000000000000000010 /* ResearchApp.swift */, A00100000000000000000012 /* BackendProcess.swift */, B10000000000000000000106 /* AuthView.swift */, B10000000000000000000108 /* MainView.swift */, B10000000000000000000110 /* CoachView.swift */, B10000000000000000000112 /* SettingsView.swift */, A00100000000000000000016 /* DownloadHandler.swift */, A0010000000000000000001A /* Assets.xcassets */); path = Research; sourceTree = "<group>"; };
		A00100000000000000000042 /* Products */ = {isa = PBXGroup; children = (A00100000000000000000020 /* Notaeo.app */, A00100000000000000000021 /* ResearchTests.xctest */); name = Products; sourceTree = "<group>"; };
		A00100000000000000000043 /* ResearchTests */ = {isa = PBXGroup; children = (C10000000000000000000100 /* APIClientTests.swift */, A00100000000000000000018 /* DownloadHandlerTests.swift */); path = ResearchTests; sourceTree = "<group>"; };
/* End PBXGroup section */

/* Begin PBXNativeTarget section */
		A00100000000000000000050 /* Research */ = {isa = PBXNativeTarget; buildConfigurationList = A00100000000000000000051 /* Build configuration list for PBXNativeTarget "Research" */; buildPhases = (A00100000000000000000052 /* Sources */, A00100000000000000000030 /* Frameworks */, A00100000000000000000053 /* Resources */); buildRules = (); dependencies = (); name = Research; productName = Notaeo; productReference = A00100000000000000000020 /* Notaeo.app */; productType = "com.apple.product-type.application"; };
		A00100000000000000000056 /* ResearchTests */ = {isa = PBXNativeTarget; buildConfigurationList = A00100000000000000000057 /* Build configuration list for PBXNativeTarget "ResearchTests" */; buildPhases = (A00100000000000000000058 /* Sources */, A00100000000000000000031 /* Frameworks */); buildRules = (); dependencies = (A00100000000000000000059 /* PBXTargetDependency */); name = ResearchTests; productName = ResearchTests; productReference = A00100000000000000000021 /* ResearchTests.xctest */; productType = "com.apple.product-type.bundle.unit-test"; };
/* End PBXNativeTarget section */

/* Begin PBXProject section */
		A00100000000000000000060 /* Project object */ = {isa = PBXProject; attributes = { BuildIndependentTargetsInParallel = 1; LastSwiftUpdateCheck = 2620; LastUpgradeCheck = 2620; TargetAttributes = { A00100000000000000000050 = { CreatedOnToolsVersion = 26.2; }; A00100000000000000000056 = { CreatedOnToolsVersion = 26.2; TestTargetID = A00100000000000000000050; }; }; }; buildConfigurationList = A00100000000000000000061 /* Build configuration list for PBXProject "Research" */; compatibilityVersion = "Xcode 16.0"; developmentRegion = en; hasScannedForEncodings = 0; knownRegions = (en, Base); mainGroup = A00100000000000000000040; productRefGroup = A00100000000000000000042 /* Products */; projectDirPath = ""; projectRoot = ""; targets = (A00100000000000000000050 /* Research */, A00100000000000000000056 /* ResearchTests */); };
/* End PBXProject section */

/* Begin PBXResourcesBuildPhase section */
		A00100000000000000000053 /* Resources */ = {isa = PBXResourcesBuildPhase; buildActionMask = 2147483647; files = (A0010000000000000000001B /* Assets.xcassets in Resources */); runOnlyForDeploymentPostprocessing = 0; };
/* End PBXResourcesBuildPhase section */

/* Begin PBXSourcesBuildPhase section */
		A00100000000000000000052 /* Sources */ = {isa = PBXSourcesBuildPhase; buildActionMask = 2147483647; files = (B10000000000000000000101 /* Models.swift in Sources */, B10000000000000000000103 /* APIClient.swift in Sources */, B10000000000000000000105 /* AppState.swift in Sources */, A00100000000000000000011 /* ResearchApp.swift in Sources */, A00100000000000000000013 /* BackendProcess.swift in Sources */, B10000000000000000000107 /* AuthView.swift in Sources */, B10000000000000000000109 /* MainView.swift in Sources */, B10000000000000000000111 /* CoachView.swift in Sources */, B10000000000000000000113 /* SettingsView.swift in Sources */, A00100000000000000000017 /* DownloadHandler.swift in Sources */); runOnlyForDeploymentPostprocessing = 0; };
		A00100000000000000000058 /* Sources */ = {isa = PBXSourcesBuildPhase; buildActionMask = 2147483647; files = (C10000000000000000000101 /* APIClientTests.swift in Sources */, A00100000000000000000019 /* DownloadHandlerTests.swift in Sources */); runOnlyForDeploymentPostprocessing = 0; };
/* End PBXSourcesBuildPhase section */

/* Begin PBXContainerItemProxy section */
		A0010000000000000000005A /* PBXContainerItemProxy */ = {isa = PBXContainerItemProxy; containerPortal = A00100000000000000000060 /* Project object */; proxyType = 1; remoteGlobalIDString = A00100000000000000000050; remoteInfo = Research; };
/* End PBXContainerItemProxy section */

/* Begin PBXTargetDependency section */
		A00100000000000000000059 /* PBXTargetDependency */ = {isa = PBXTargetDependency; target = A00100000000000000000050 /* Research */; targetProxy = A0010000000000000000005A /* PBXContainerItemProxy */; };
/* End PBXTargetDependency section */

/* Begin XCBuildConfiguration section */
		A00100000000000000000070 /* Debug */ = {isa = XCBuildConfiguration; buildSettings = { ALWAYS_SEARCH_USER_PATHS = NO; MACOSX_DEPLOYMENT_TARGET = 14.0; SDKROOT = macosx; }; name = Debug; };
		A00100000000000000000071 /* Release */ = {isa = XCBuildConfiguration; buildSettings = { ALWAYS_SEARCH_USER_PATHS = NO; MACOSX_DEPLOYMENT_TARGET = 14.0; SDKROOT = macosx; }; name = Release; };
		A00100000000000000000072 /* Debug */ = {isa = XCBuildConfiguration; buildSettings = { ASSETCATALOG_COMPILER_APPICON_NAME = AppIcon; CODE_SIGN_STYLE = Automatic; CURRENT_PROJECT_VERSION = 1; ENABLE_TESTABILITY = YES; GENERATE_INFOPLIST_FILE = YES; INFOPLIST_KEY_CFBundleDisplayName = Notaeo; INFOPLIST_KEY_LSApplicationCategoryType = "public.app-category.education"; MACOSX_DEPLOYMENT_TARGET = 14.0; MARKETING_VERSION = 0.1.0; PRODUCT_BUNDLE_IDENTIFIER = com.fordaaaa.research; PRODUCT_NAME = Notaeo; SDKROOT = macosx; SWIFT_STRICT_CONCURRENCY = complete; SWIFT_VERSION = 6.0; }; name = Debug; };
		A00100000000000000000073 /* Release */ = {isa = XCBuildConfiguration; buildSettings = { ASSETCATALOG_COMPILER_APPICON_NAME = AppIcon; CODE_SIGN_STYLE = Automatic; CURRENT_PROJECT_VERSION = 1; GENERATE_INFOPLIST_FILE = YES; INFOPLIST_KEY_CFBundleDisplayName = Notaeo; INFOPLIST_KEY_LSApplicationCategoryType = "public.app-category.education"; MACOSX_DEPLOYMENT_TARGET = 14.0; MARKETING_VERSION = 0.1.0; PRODUCT_BUNDLE_IDENTIFIER = com.fordaaaa.research; PRODUCT_NAME = Notaeo; SDKROOT = macosx; SWIFT_STRICT_CONCURRENCY = complete; SWIFT_VERSION = 6.0; }; name = Release; };
		A00100000000000000000074 /* Debug */ = {isa = XCBuildConfiguration; buildSettings = { BUNDLE_LOADER = "$(TEST_HOST)"; CODE_SIGN_STYLE = Automatic; GENERATE_INFOPLIST_FILE = YES; MACOSX_DEPLOYMENT_TARGET = 14.0; PRODUCT_BUNDLE_IDENTIFIER = com.fordaaaa.researchTests; PRODUCT_MODULE_NAME = ResearchTests; PRODUCT_NAME = ResearchTests; SDKROOT = macosx; SWIFT_STRICT_CONCURRENCY = complete; SWIFT_VERSION = 6.0; TEST_HOST = "$(BUILT_PRODUCTS_DIR)/Notaeo.app/Contents/MacOS/Notaeo"; }; name = Debug; };
		A00100000000000000000075 /* Release */ = {isa = XCBuildConfiguration; buildSettings = { BUNDLE_LOADER = "$(TEST_HOST)"; CODE_SIGN_STYLE = Automatic; GENERATE_INFOPLIST_FILE = YES; MACOSX_DEPLOYMENT_TARGET = 14.0; PRODUCT_BUNDLE_IDENTIFIER = com.fordaaaa.researchTests; PRODUCT_NAME = ResearchTests; SDKROOT = macosx; SWIFT_STRICT_CONCURRENCY = complete; SWIFT_VERSION = 6.0; TEST_HOST = "$(BUILT_PRODUCTS_DIR)/Notaeo.app/Contents/MacOS/Notaeo"; }; name = Release; };
/* End XCBuildConfiguration section */

/* Begin XCConfigurationList section */
		A00100000000000000000061 /* Build configuration list for PBXProject "Research" */ = {isa = XCConfigurationList; buildConfigurations = (A00100000000000000000070 /* Debug */, A00100000000000000000071 /* Release */); defaultConfigurationIsVisible = 0; defaultConfigurationName = Release; };
		A00100000000000000000051 /* Build configuration list for PBXNativeTarget "Research" */ = {isa = XCConfigurationList; buildConfigurations = (A00100000000000000000072 /* Debug */, A00100000000000000000073 /* Release */); defaultConfigurationIsVisible = 0; defaultConfigurationName = Debug; };
		A00100000000000000000057 /* Build configuration list for PBXNativeTarget "ResearchTests" */ = {isa = XCConfigurationList; buildConfigurations = (A00100000000000000000074 /* Debug */, A00100000000000000000075 /* Release */); defaultConfigurationIsVisible = 0; defaultConfigurationName = Debug; };
/* End XCConfigurationList section */
	};
	rootObject = A00100000000000000000060 /* Project object */;
}
